
Microsoft Visual Studio Solution File, Format Version 12.00
# Visual Studio Version 16
VisualStudioVersion = 16.0.31911.196
MinimumVisualStudioVersion = 10.0.40219.1
Project("{FAE04EC0-301F-11D3-BF4B-00C04F79EFBC}") = "cinemabarare", "cinemabarare\cinemabarare.csproj", "{C617C5CF-83DF-4177-9B4D-4143497B21F2}"
EndProject
Global
	GlobalSection(SolutionConfigurationPlatforms) = preSolution
		Debug|Any CPU = Debug|Any CPU
		Release|Any CPU = Release|Any CPU
	EndGlobalSection
	GlobalSection(ProjectConfigurationPlatforms) = postSolution
		{C617C5CF-83DF-4177-9B4D-4143497B21F2}.Debug|Any CPU.ActiveCfg = Debug|Any CPU
		{C617C5CF-83DF-4177-9B4D-4143497B21F2}.Debug|Any CPU.Build.0 = Debug|Any CPU
		{C617C5CF-83DF-4177-9B4D-4143497B21F2}.Release|Any CPU.ActiveCfg = Release|Any CPU
		{C617C5CF-83DF-4177-9B4D-4143497B21F2}.Release|Any CPU.Build.0 = Release|Any CPU
	EndGlobalSection
	GlobalSection(SolutionProperties) = preSolution
		HideSolutionNode = FALSE
	EndGlobalSection
	GlobalSection(ExtensibilityGlobals) = postSolution
		SolutionGuid = {867E2B46-3495-4767-8546-6B1253BD55FA}
	EndGlobalSection
EndGlobal
